
Microsoft Visual Studio Solution File, Format Version 12.00
# Visual Studio 15
VisualStudioVersion = 15.0.27130.2027
MinimumVisualStudioVersion = 10.0.40219.1
Project("{FAE04EC0-301F-11D3-BF4B-00C04F79EFBC}") = "DietTracker", "DietTracker\DietTracker.csproj", "{1B28B781-7839-4DE6-A77F-C5BD1C15370D}"
EndProject
Project("{7CF6DF6D-3B04-46F8-A40B-537D21BCA0B4}") = "DocumentationDietTracker", "DocumentationDietTracker\DocumentationDietTracker.shfbproj", "{E9080E54-BB20-4542-9732-4636F2025E4C}"
EndProject
Global
	GlobalSection(SolutionConfigurationPlatforms) = preSolution
		Debug|Any CPU = Debug|Any CPU
		Release|Any CPU = Release|Any CPU
	EndGlobalSection
	GlobalSection(ProjectConfigurationPlatforms) = postSolution
		{1B28B781-7839-4DE6-A77F-C5BD1C15370D}.Debug|Any CPU.ActiveCfg = Debug|Any CPU
		{1B28B781-7839-4DE6-A77F-C5BD1C15370D}.Debug|Any CPU.Build.0 = Debug|Any CPU
		{1B28B781-7839-4DE6-A77F-C5BD1C15370D}.Release|Any CPU.ActiveCfg = Release|Any CPU
		{1B28B781-7839-4DE6-A77F-C5BD1C15370D}.Release|Any CPU.Build.0 = Release|Any CPU
		{E9080E54-BB20-4542-9732-4636F2025E4C}.Debug|Any CPU.ActiveCfg = Debug|Any CPU
		{E9080E54-BB20-4542-9732-4636F2025E4C}.Debug|Any CPU.Build.0 = Debug|Any CPU
		{E9080E54-BB20-4542-9732-4636F2025E4C}.Release|Any CPU.ActiveCfg = Release|Any CPU
		{E9080E54-BB20-4542-9732-4636F2025E4C}.Release|Any CPU.Build.0 = Release|Any CPU
	EndGlobalSection
	GlobalSection(SolutionProperties) = preSolution
		HideSolutionNode = FALSE
	EndGlobalSection
	GlobalSection(ExtensibilityGlobals) = postSolution
		SolutionGuid = {F8665376-6EAA-452B-BC43-DA55E3B5023C}
	EndGlobalSection
EndGlobal
