
Microsoft Visual Studio Solution File, Format Version 12.00
# Visual Studio 15
VisualStudioVersion = 15.0.27130.2036
MinimumVisualStudioVersion = 10.0.40219.1
Project("{FAE04EC0-301F-11D3-BF4B-00C04F79EFBC}") = "Formler BMI BMR", "Formler BMI BMR\Formler BMI BMR.csproj", "{398CF954-4744-4C94-90CE-DE1BD01645ED}"
EndProject
Global
	GlobalSection(SolutionConfigurationPlatforms) = preSolution
		Debug|Any CPU = Debug|Any CPU
		Release|Any CPU = Release|Any CPU
	EndGlobalSection
	GlobalSection(ProjectConfigurationPlatforms) = postSolution
		{398CF954-4744-4C94-90CE-DE1BD01645ED}.Debug|Any CPU.ActiveCfg = Debug|Any CPU
		{398CF954-4744-4C94-90CE-DE1BD01645ED}.Debug|Any CPU.Build.0 = Debug|Any CPU
		{398CF954-4744-4C94-90CE-DE1BD01645ED}.Release|Any CPU.ActiveCfg = Release|Any CPU
		{398CF954-4744-4C94-90CE-DE1BD01645ED}.Release|Any CPU.Build.0 = Release|Any CPU
	EndGlobalSection
	GlobalSection(SolutionProperties) = preSolution
		HideSolutionNode = FALSE
	EndGlobalSection
	GlobalSection(ExtensibilityGlobals) = postSolution
		SolutionGuid = {B06B17D2-A5C3-47DA-A3CA-9FBAC15E6B7A}
	EndGlobalSection
EndGlobal
