
Microsoft Visual Studio Solution File, Format Version 12.00
# Visual Studio 15
VisualStudioVersion = 15.0.27428.2043
MinimumVisualStudioVersion = 10.0.40219.1
Project("{FAE04EC0-301F-11D3-BF4B-00C04F79EFBC}") = "MainPageGraphs", "MainPageGraphs\MainPageGraphs.csproj", "{0E2E2AB5-0897-4A06-B498-37EEF6C5D364}"
EndProject
Global
	GlobalSection(SolutionConfigurationPlatforms) = preSolution
		Debug|Any CPU = Debug|Any CPU
		Release|Any CPU = Release|Any CPU
	EndGlobalSection
	GlobalSection(ProjectConfigurationPlatforms) = postSolution
		{0E2E2AB5-0897-4A06-B498-37EEF6C5D364}.Debug|Any CPU.ActiveCfg = Debug|Any CPU
		{0E2E2AB5-0897-4A06-B498-37EEF6C5D364}.Debug|Any CPU.Build.0 = Debug|Any CPU
		{0E2E2AB5-0897-4A06-B498-37EEF6C5D364}.Release|Any CPU.ActiveCfg = Release|Any CPU
		{0E2E2AB5-0897-4A06-B498-37EEF6C5D364}.Release|Any CPU.Build.0 = Release|Any CPU
	EndGlobalSection
	GlobalSection(SolutionProperties) = preSolution
		HideSolutionNode = FALSE
	EndGlobalSection
	GlobalSection(ExtensibilityGlobals) = postSolution
		SolutionGuid = {A7C0A441-251D-4C9B-9057-0CD0E1D492D9}
	EndGlobalSection
EndGlobal
